
Microsoft Visual Studio Solution File, Format Version 12.00
# Visual Studio Version 16
VisualStudioVersion = 16.0.30621.155
MinimumVisualStudioVersion = 10.0.40219.1
Project("{FAE04EC0-301F-11D3-BF4B-00C04F79EFBC}") = "PTCGO-Deck-Helper", "PTCGO-Deck-Helper\PTCGO-Deck-Helper.csproj", "{69B932F7-CAF7-4244-A8B4-2088F781FF87}"
EndProject
Global
	GlobalSection(SolutionConfigurationPlatforms) = preSolution
		Debug|Any CPU = Debug|Any CPU
		Release|Any CPU = Release|Any CPU
	EndGlobalSection
	GlobalSection(ProjectConfigurationPlatforms) = postSolution
		{69B932F7-CAF7-4244-A8B4-2088F781FF87}.Debug|Any CPU.ActiveCfg = Debug|Any CPU
		{69B932F7-CAF7-4244-A8B4-2088F781FF87}.Debug|Any CPU.Build.0 = Debug|Any CPU
		{69B932F7-CAF7-4244-A8B4-2088F781FF87}.Release|Any CPU.ActiveCfg = Release|Any CPU
		{69B932F7-CAF7-4244-A8B4-2088F781FF87}.Release|Any CPU.Build.0 = Release|Any CPU
	EndGlobalSection
	GlobalSection(SolutionProperties) = preSolution
		HideSolutionNode = FALSE
	EndGlobalSection
	GlobalSection(ExtensibilityGlobals) = postSolution
		SolutionGuid = {921DDD7E-6282-4EAB-8EB4-52F7B073DA3C}
	EndGlobalSection
EndGlobal
